
Microsoft Visual Studio Solution File, Format Version 12.00
# Visual Studio Version 17
VisualStudioVersion = 17.2.32616.157
MinimumVisualStudioVersion = 10.0.40219.1
Project("{FAE04EC0-301F-11D3-BF4B-00C04F79EFBC}") = "MacevalackaAplikacija", "MacevalackaAplikacija\MacevalackaAplikacija.csproj", "{62AC8EA4-2A06-4320-8C3C-96190E4862CB}"
EndProject
Global
	GlobalSection(SolutionConfigurationPlatforms) = preSolution
		Debug|Any CPU = Debug|Any CPU
		Release|Any CPU = Release|Any CPU
	EndGlobalSection
	GlobalSection(ProjectConfigurationPlatforms) = postSolution
		{62AC8EA4-2A06-4320-8C3C-96190E4862CB}.Debug|Any CPU.ActiveCfg = Debug|Any CPU
		{62AC8EA4-2A06-4320-8C3C-96190E4862CB}.Debug|Any CPU.Build.0 = Debug|Any CPU
		{62AC8EA4-2A06-4320-8C3C-96190E4862CB}.Release|Any CPU.ActiveCfg = Release|Any CPU
		{62AC8EA4-2A06-4320-8C3C-96190E4862CB}.Release|Any CPU.Build.0 = Release|Any CPU
	EndGlobalSection
	GlobalSection(SolutionProperties) = preSolution
		HideSolutionNode = FALSE
	EndGlobalSection
	GlobalSection(ExtensibilityGlobals) = postSolution
		SolutionGuid = {C308A8FE-B3EA-4F31-8ABC-0A5EA3410CB6}
	EndGlobalSection
EndGlobal
